
Microsoft Visual Studio Solution File, Format Version 12.00
# Visual Studio Version 17
VisualStudioVersion = 17.2.32602.215
MinimumVisualStudioVersion = 10.0.40219.1
Project("{FAE04EC0-301F-11D3-BF4B-00C04F79EFBC}") = "TicketingSystemNew2", "TicketingSystemNew2\TicketingSystemNew2.csproj", "{C63DEF9F-1168-417E-BED1-D75565365ACF}"
EndProject
Project("{FAE04EC0-301F-11D3-BF4B-00C04F79EFBC}") = "DataAccess", "DataAccess\DataAccess.csproj", "{2D5B0D21-0121-4A9A-A154-95D376C0DE90}"
EndProject
Project("{FAE04EC0-301F-11D3-BF4B-00C04F79EFBC}") = "Service", "Service\Service.csproj", "{83F708F1-2BB4-4A72-97D8-2E9AC4771A8C}"
EndProject
Global
	GlobalSection(SolutionConfigurationPlatforms) = preSolution
		Debug|Any CPU = Debug|Any CPU
		Release|Any CPU = Release|Any CPU
	EndGlobalSection
	GlobalSection(ProjectConfigurationPlatforms) = postSolution
		{C63DEF9F-1168-417E-BED1-D75565365ACF}.Debug|Any CPU.ActiveCfg = Debug|Any CPU
		{C63DEF9F-1168-417E-BED1-D75565365ACF}.Debug|Any CPU.Build.0 = Debug|Any CPU
		{C63DEF9F-1168-417E-BED1-D75565365ACF}.Release|Any CPU.ActiveCfg = Release|Any CPU
		{C63DEF9F-1168-417E-BED1-D75565365ACF}.Release|Any CPU.Build.0 = Release|Any CPU
		{2D5B0D21-0121-4A9A-A154-95D376C0DE90}.Debug|Any CPU.ActiveCfg = Debug|Any CPU
		{2D5B0D21-0121-4A9A-A154-95D376C0DE90}.Debug|Any CPU.Build.0 = Debug|Any CPU
		{2D5B0D21-0121-4A9A-A154-95D376C0DE90}.Release|Any CPU.ActiveCfg = Release|Any CPU
		{2D5B0D21-0121-4A9A-A154-95D376C0DE90}.Release|Any CPU.Build.0 = Release|Any CPU
		{83F708F1-2BB4-4A72-97D8-2E9AC4771A8C}.Debug|Any CPU.ActiveCfg = Debug|Any CPU
		{83F708F1-2BB4-4A72-97D8-2E9AC4771A8C}.Debug|Any CPU.Build.0 = Debug|Any CPU
		{83F708F1-2BB4-4A72-97D8-2E9AC4771A8C}.Release|Any CPU.ActiveCfg = Release|Any CPU
		{83F708F1-2BB4-4A72-97D8-2E9AC4771A8C}.Release|Any CPU.Build.0 = Release|Any CPU
	EndGlobalSection
	GlobalSection(SolutionProperties) = preSolution
		HideSolutionNode = FALSE
	EndGlobalSection
	GlobalSection(ExtensibilityGlobals) = postSolution
		SolutionGuid = {8BDBC143-674D-4B1A-8DBB-552F33044C8A}
	EndGlobalSection
EndGlobal
